
Microsoft Visual Studio Solution File, Format Version 12.00
Project("{FAE04EC0-301F-11D3-BF4B-00C04F79EFBC}") = "ServicoProcessamento.Infrastructure", "src\Backend\ServicoProcessamento.Infrastructure\ServicoProcessamento.Infrastructure.csproj", "{35922C1C-CFE9-4C89-9BD1-35D267B0D83C}"
EndProject
Project("{FAE04EC0-301F-11D3-BF4B-00C04F79EFBC}") = "ServicoProcessamento.Api", "src\Backend\ServicoProcessamento.Api\ServicoProcessamento.Api.csproj", "{FB7EF1C3-E184-438C-BF95-279DE3485E83}"
EndProject
Project("{2150E333-8FDC-42A3-9474-1A3956D46DE8}") = "src", "src", "{A5C0B388-0D8F-4D24-A1C0-67B658A2B7B6}"
EndProject
Project("{2150E333-8FDC-42A3-9474-1A3956D46DE8}") = "Backend", "Backend", "{66B9000C-63EC-4D1D-872D-14CDEDBC44A0}"
EndProject
Project("{FAE04EC0-301F-11D3-BF4B-00C04F79EFBC}") = "ServicoProcessamento.Domain", "src\Backend\ServicoProcessamento.Domain\ServicoProcessamento.Domain.csproj", "{6C414B99-A3F9-484A-8A39-7D58E42B5698}"
EndProject
Project("{FAE04EC0-301F-11D3-BF4B-00C04F79EFBC}") = "ServicoProcessamento.Pesquisa", "src\Backend\ServicoProcessamento.Pesquisa\ServicoProcessamento.Pesquisa.csproj", "{BDAA6F6C-E99B-4E11-92C9-19D6491BDE37}"
EndProject
Project("{2150E333-8FDC-42A3-9474-1A3956D46DE8}") = "Shared", "Shared", "{97972063-2B9E-4BDA-BB16-3B9F79DF25FD}"
EndProject
Project("{2150E333-8FDC-42A3-9474-1A3956D46DE8}") = "tests", "tests", "{88BEFD10-3989-4F4A-933C-3277FCCD4B30}"
EndProject
Project("{FAE04EC0-301F-11D3-BF4B-00C04F79EFBC}") = "ServicoProcessamento.Communication", "src\Shared\ServicoProcessamento.Communication\ServicoProcessamento.Communication.csproj", "{373194FE-9715-4993-8E5D-93CFFFDB32B2}"
EndProject
Project("{2150E333-8FDC-42A3-9474-1A3956D46DE8}") = "docker", "docker", "{AE819B01-54F5-4A27-9333-60FEDB5C1EEA}"
	ProjectSection(SolutionItems) = preProject
		Docker\docker-compose.yml = Docker\docker-compose.yml
	EndProjectSection
EndProject
Project("{FAE04EC0-301F-11D3-BF4B-00C04F79EFBC}") = "CommonTestUtilities", "tests\CommonTestUtilities\CommonTestUtilities.csproj", "{58AF593C-7371-472F-AEEB-3FB448D7B27E}"
EndProject
Project("{FAE04EC0-301F-11D3-BF4B-00C04F79EFBC}") = "UseCases.Test", "tests\UseCases.Test\UseCases.Test.csproj", "{5006145E-568A-47CF-9787-734431465811}"
EndProject
Project("{FAE04EC0-301F-11D3-BF4B-00C04F79EFBC}") = "Validators.Test", "tests\Validators.Test\Validators.Test.csproj", "{FA9DEB71-692F-4C69-877F-80ECC6FE3BDC}"
EndProject
Project("{FAE04EC0-301F-11D3-BF4B-00C04F79EFBC}") = "Apis.Test", "tests\Apis.Test\Apis.Test.csproj", "{0F6B7AC3-57A3-4641-AFEA-72986B7AB95E}"
EndProject
Global
	GlobalSection(SolutionConfigurationPlatforms) = preSolution
		Debug|Any CPU = Debug|Any CPU
		Release|Any CPU = Release|Any CPU
	EndGlobalSection
	GlobalSection(ProjectConfigurationPlatforms) = postSolution
		{35922C1C-CFE9-4C89-9BD1-35D267B0D83C}.Debug|Any CPU.ActiveCfg = Debug|Any CPU
		{35922C1C-CFE9-4C89-9BD1-35D267B0D83C}.Debug|Any CPU.Build.0 = Debug|Any CPU
		{35922C1C-CFE9-4C89-9BD1-35D267B0D83C}.Release|Any CPU.ActiveCfg = Release|Any CPU
		{35922C1C-CFE9-4C89-9BD1-35D267B0D83C}.Release|Any CPU.Build.0 = Release|Any CPU
		{FB7EF1C3-E184-438C-BF95-279DE3485E83}.Debug|Any CPU.ActiveCfg = Debug|Any CPU
		{FB7EF1C3-E184-438C-BF95-279DE3485E83}.Debug|Any CPU.Build.0 = Debug|Any CPU
		{FB7EF1C3-E184-438C-BF95-279DE3485E83}.Release|Any CPU.ActiveCfg = Release|Any CPU
		{FB7EF1C3-E184-438C-BF95-279DE3485E83}.Release|Any CPU.Build.0 = Release|Any CPU
		{6C414B99-A3F9-484A-8A39-7D58E42B5698}.Debug|Any CPU.ActiveCfg = Debug|Any CPU
		{6C414B99-A3F9-484A-8A39-7D58E42B5698}.Debug|Any CPU.Build.0 = Debug|Any CPU
		{6C414B99-A3F9-484A-8A39-7D58E42B5698}.Release|Any CPU.ActiveCfg = Release|Any CPU
		{6C414B99-A3F9-484A-8A39-7D58E42B5698}.Release|Any CPU.Build.0 = Release|Any CPU
		{BDAA6F6C-E99B-4E11-92C9-19D6491BDE37}.Debug|Any CPU.ActiveCfg = Debug|Any CPU
		{BDAA6F6C-E99B-4E11-92C9-19D6491BDE37}.Debug|Any CPU.Build.0 = Debug|Any CPU
		{BDAA6F6C-E99B-4E11-92C9-19D6491BDE37}.Release|Any CPU.ActiveCfg = Release|Any CPU
		{BDAA6F6C-E99B-4E11-92C9-19D6491BDE37}.Release|Any CPU.Build.0 = Release|Any CPU
		{373194FE-9715-4993-8E5D-93CFFFDB32B2}.Debug|Any CPU.ActiveCfg = Debug|Any CPU
		{373194FE-9715-4993-8E5D-93CFFFDB32B2}.Debug|Any CPU.Build.0 = Debug|Any CPU
		{373194FE-9715-4993-8E5D-93CFFFDB32B2}.Release|Any CPU.ActiveCfg = Release|Any CPU
		{373194FE-9715-4993-8E5D-93CFFFDB32B2}.Release|Any CPU.Build.0 = Release|Any CPU
		{58AF593C-7371-472F-AEEB-3FB448D7B27E}.Debug|Any CPU.ActiveCfg = Debug|Any CPU
		{58AF593C-7371-472F-AEEB-3FB448D7B27E}.Debug|Any CPU.Build.0 = Debug|Any CPU
		{58AF593C-7371-472F-AEEB-3FB448D7B27E}.Release|Any CPU.ActiveCfg = Release|Any CPU
		{58AF593C-7371-472F-AEEB-3FB448D7B27E}.Release|Any CPU.Build.0 = Release|Any CPU
		{5006145E-568A-47CF-9787-734431465811}.Debug|Any CPU.ActiveCfg = Debug|Any CPU
		{5006145E-568A-47CF-9787-734431465811}.Debug|Any CPU.Build.0 = Debug|Any CPU
		{5006145E-568A-47CF-9787-734431465811}.Release|Any CPU.ActiveCfg = Release|Any CPU
		{5006145E-568A-47CF-9787-734431465811}.Release|Any CPU.Build.0 = Release|Any CPU
		{FA9DEB71-692F-4C69-877F-80ECC6FE3BDC}.Debug|Any CPU.ActiveCfg = Debug|Any CPU
		{FA9DEB71-692F-4C69-877F-80ECC6FE3BDC}.Debug|Any CPU.Build.0 = Debug|Any CPU
		{FA9DEB71-692F-4C69-877F-80ECC6FE3BDC}.Release|Any CPU.ActiveCfg = Release|Any CPU
		{FA9DEB71-692F-4C69-877F-80ECC6FE3BDC}.Release|Any CPU.Build.0 = Release|Any CPU
		{0F6B7AC3-57A3-4641-AFEA-72986B7AB95E}.Debug|Any CPU.ActiveCfg = Debug|Any CPU
		{0F6B7AC3-57A3-4641-AFEA-72986B7AB95E}.Debug|Any CPU.Build.0 = Debug|Any CPU
		{0F6B7AC3-57A3-4641-AFEA-72986B7AB95E}.Release|Any CPU.ActiveCfg = Release|Any CPU
		{0F6B7AC3-57A3-4641-AFEA-72986B7AB95E}.Release|Any CPU.Build.0 = Release|Any CPU
	EndGlobalSection
	GlobalSection(NestedProjects) = preSolution
		{66B9000C-63EC-4D1D-872D-14CDEDBC44A0} = {A5C0B388-0D8F-4D24-A1C0-67B658A2B7B6}
		{FB7EF1C3-E184-438C-BF95-279DE3485E83} = {66B9000C-63EC-4D1D-872D-14CDEDBC44A0}
		{35922C1C-CFE9-4C89-9BD1-35D267B0D83C} = {66B9000C-63EC-4D1D-872D-14CDEDBC44A0}
		{6C414B99-A3F9-484A-8A39-7D58E42B5698} = {66B9000C-63EC-4D1D-872D-14CDEDBC44A0}
		{BDAA6F6C-E99B-4E11-92C9-19D6491BDE37} = {66B9000C-63EC-4D1D-872D-14CDEDBC44A0}
		{97972063-2B9E-4BDA-BB16-3B9F79DF25FD} = {A5C0B388-0D8F-4D24-A1C0-67B658A2B7B6}
		{373194FE-9715-4993-8E5D-93CFFFDB32B2} = {97972063-2B9E-4BDA-BB16-3B9F79DF25FD}
		{58AF593C-7371-472F-AEEB-3FB448D7B27E} = {88BEFD10-3989-4F4A-933C-3277FCCD4B30}
		{5006145E-568A-47CF-9787-734431465811} = {88BEFD10-3989-4F4A-933C-3277FCCD4B30}
		{FA9DEB71-692F-4C69-877F-80ECC6FE3BDC} = {88BEFD10-3989-4F4A-933C-3277FCCD4B30}
		{0F6B7AC3-57A3-4641-AFEA-72986B7AB95E} = {88BEFD10-3989-4F4A-933C-3277FCCD4B30}
	EndGlobalSection
EndGlobal
