
Microsoft Visual Studio Solution File, Format Version 12.00
Project("{FAE04EC0-301F-11D3-BF4B-00C04F79EFBC}") = "ServicoProcessamento.Infrastructure", "src\Backend\ServicoProcessamento.Infrastructure\ServicoProcessamento.Infrastructure.csproj", "{35922C1C-CFE9-4C89-9BD1-35D267B0D83C}"
EndProject
Project("{FAE04EC0-301F-11D3-BF4B-00C04F79EFBC}") = "ServicoProcessamento.Api", "src\Backend\ServicoProcessamento.Api\ServicoProcessamento.Api.csproj", "{FB7EF1C3-E184-438C-BF95-279DE3485E83}"
EndProject
Project("{2150E333-8FDC-42A3-9474-1A3956D46DE8}") = "src", "src", "{A5C0B388-0D8F-4D24-A1C0-67B658A2B7B6}"
EndProject
Project("{2150E333-8FDC-42A3-9474-1A3956D46DE8}") = "Backend", "Backend", "{66B9000C-63EC-4D1D-872D-14CDEDBC44A0}"
EndProject
Project("{FAE04EC0-301F-11D3-BF4B-00C04F79EFBC}") = "ServicoProcessamento.Domain", "src\Backend\ServicoProcessamento.Domain\ServicoProcessamento.Domain.csproj", "{6C414B99-A3F9-484A-8A39-7D58E42B5698}"
EndProject
Project("{FAE04EC0-301F-11D3-BF4B-00C04F79EFBC}") = "ServicoProcessamento.Application", "src\Backend\ServicoProcessamento.Application\ServicoProcessamento.Application.csproj", "{BDAA6F6C-E99B-4E11-92C9-19D6491BDE37}"
EndProject
Project("{2150E333-8FDC-42A3-9474-1A3956D46DE8}") = "Shared", "Shared", "{97972063-2B9E-4BDA-BB16-3B9F79DF25FD}"
EndProject
Project("{2150E333-8FDC-42A3-9474-1A3956D46DE8}") = "tests", "tests", "{88BEFD10-3989-4F4A-933C-3277FCCD4B30}"
EndProject
Project("{FAE04EC0-301F-11D3-BF4B-00C04F79EFBC}") = "ServicoProcessamento.Communication", "src\Shared\ServicoProcessamento.Communication\ServicoProcessamento.Communication.csproj", "{373194FE-9715-4993-8E5D-93CFFFDB32B2}"
EndProject
Global
	GlobalSection(SolutionConfigurationPlatforms) = preSolution
		Debug|Any CPU = Debug|Any CPU
		Release|Any CPU = Release|Any CPU
	EndGlobalSection
	GlobalSection(ProjectConfigurationPlatforms) = postSolution
		{35922C1C-CFE9-4C89-9BD1-35D267B0D83C}.Debug|Any CPU.ActiveCfg = Debug|Any CPU
		{35922C1C-CFE9-4C89-9BD1-35D267B0D83C}.Debug|Any CPU.Build.0 = Debug|Any CPU
		{35922C1C-CFE9-4C89-9BD1-35D267B0D83C}.Release|Any CPU.ActiveCfg = Release|Any CPU
		{35922C1C-CFE9-4C89-9BD1-35D267B0D83C}.Release|Any CPU.Build.0 = Release|Any CPU
		{FB7EF1C3-E184-438C-BF95-279DE3485E83}.Debug|Any CPU.ActiveCfg = Debug|Any CPU
		{FB7EF1C3-E184-438C-BF95-279DE3485E83}.Debug|Any CPU.Build.0 = Debug|Any CPU
		{FB7EF1C3-E184-438C-BF95-279DE3485E83}.Release|Any CPU.ActiveCfg = Release|Any CPU
		{FB7EF1C3-E184-438C-BF95-279DE3485E83}.Release|Any CPU.Build.0 = Release|Any CPU
		{6C414B99-A3F9-484A-8A39-7D58E42B5698}.Debug|Any CPU.ActiveCfg = Debug|Any CPU
		{6C414B99-A3F9-484A-8A39-7D58E42B5698}.Debug|Any CPU.Build.0 = Debug|Any CPU
		{6C414B99-A3F9-484A-8A39-7D58E42B5698}.Release|Any CPU.ActiveCfg = Release|Any CPU
		{6C414B99-A3F9-484A-8A39-7D58E42B5698}.Release|Any CPU.Build.0 = Release|Any CPU
		{BDAA6F6C-E99B-4E11-92C9-19D6491BDE37}.Debug|Any CPU.ActiveCfg = Debug|Any CPU
		{BDAA6F6C-E99B-4E11-92C9-19D6491BDE37}.Debug|Any CPU.Build.0 = Debug|Any CPU
		{BDAA6F6C-E99B-4E11-92C9-19D6491BDE37}.Release|Any CPU.ActiveCfg = Release|Any CPU
		{BDAA6F6C-E99B-4E11-92C9-19D6491BDE37}.Release|Any CPU.Build.0 = Release|Any CPU
		{373194FE-9715-4993-8E5D-93CFFFDB32B2}.Debug|Any CPU.ActiveCfg = Debug|Any CPU
		{373194FE-9715-4993-8E5D-93CFFFDB32B2}.Debug|Any CPU.Build.0 = Debug|Any CPU
		{373194FE-9715-4993-8E5D-93CFFFDB32B2}.Release|Any CPU.ActiveCfg = Release|Any CPU
		{373194FE-9715-4993-8E5D-93CFFFDB32B2}.Release|Any CPU.Build.0 = Release|Any CPU
	EndGlobalSection
	GlobalSection(NestedProjects) = preSolution
		{66B9000C-63EC-4D1D-872D-14CDEDBC44A0} = {A5C0B388-0D8F-4D24-A1C0-67B658A2B7B6}
		{FB7EF1C3-E184-438C-BF95-279DE3485E83} = {66B9000C-63EC-4D1D-872D-14CDEDBC44A0}
		{35922C1C-CFE9-4C89-9BD1-35D267B0D83C} = {66B9000C-63EC-4D1D-872D-14CDEDBC44A0}
		{6C414B99-A3F9-484A-8A39-7D58E42B5698} = {66B9000C-63EC-4D1D-872D-14CDEDBC44A0}
		{BDAA6F6C-E99B-4E11-92C9-19D6491BDE37} = {66B9000C-63EC-4D1D-872D-14CDEDBC44A0}
		{97972063-2B9E-4BDA-BB16-3B9F79DF25FD} = {A5C0B388-0D8F-4D24-A1C0-67B658A2B7B6}
		{373194FE-9715-4993-8E5D-93CFFFDB32B2} = {97972063-2B9E-4BDA-BB16-3B9F79DF25FD}
	EndGlobalSection
EndGlobal
